<?xml version="1.0" encoding="utf-8"?>
<Project ToolsVersion="4.0" xmlns="http://schemas.microsoft.com/developer/msbuild/2003">
  <ItemGroup>
    <Filter Include="Source Files">
      <UniqueIdentifier>{4FC737F1-C7A5-4376-A066-2A32D752A2FF}</UniqueIdentifier>
      <Extensions>cpp;c;cc;cxx;c++;cppm;ixx;def;odl;idl;hpj;bat;asm;asmx</Extensions>
    </Filter>
    <Filter Include="Header Files">
      <UniqueIdentifier>{93995380-89BD-4b04-88EB-625FBE52EBFB}</UniqueIdentifier>
      <Extensions>h;hh;hpp;hxx;h++;hm;inl;inc;ipp;xsd</Extensions>
    </Filter>
    <Filter Include="Resource Files">
      <UniqueIdentifier>{67DA6AB6-F800-4c08-8B7A-83BB121AAD01}</UniqueIdentifier>
      <Extensions>rc;ico;cur;bmp;dlg;rc2;rct;bin;rgs;gif;jpg;jpeg;jpe;resx;tiff;tif;png;wav;mfcribbon-ms</Extensions>
    </Filter>
    <Filter Include="tests">
      <UniqueIdentifier>{8242745b-aad7-47d1-ac4c-d96c4219499c}</UniqueIdentifier>
    </Filter>
  </ItemGroup>
  <ItemGroup>
    <ClCompile Include="Project.cpp">
      <Filter>Source Files</Filter>
    </ClCompile>
    <ClCompile Include="Pasta.cpp">
      <Filter>Source Files</Filter>
    </ClCompile>
    <ClCompile Include="Spaghetti.cpp">
      <Filter>Source Files</Filter>
    </ClCompile>
    <ClCompile Include="Pappardelle.cpp">
      <Filter>Source Files</Filter>
    </ClCompile>
    <ClCompile Include="Penne.cpp">
      <Filter>Source Files</Filter>
    </ClCompile>
    <ClCompile Include="Ravioli.cpp">
      <Filter>Source Files</Filter>
    </ClCompile>
    <ClCompile Include="Tortellini.cpp">
      <Filter>Source Files</Filter>
    </ClCompile>
    <ClCompile Include="testSpaghetti.cpp">
      <Filter>tests</Filter>
    </ClCompile>
    <ClCompile Include="Lasagna.cpp">
      <Filter>Source Files</Filter>
    </ClCompile>
  </ItemGroup>
  <ItemGroup>
    <ClInclude Include="Pasta.h">
      <Filter>Header Files</Filter>
    </ClInclude>
    <ClInclude Include="Spaghetti.h">
      <Filter>Header Files</Filter>
    </ClInclude>
    <ClInclude Include="Pappardelle.h">
      <Filter>Header Files</Filter>
    </ClInclude>
    <ClInclude Include="Penne.h">
      <Filter>Header Files</Filter>
    </ClInclude>
    <ClInclude Include="Ravioli.h">
      <Filter>Header Files</Filter>
    </ClInclude>
    <ClInclude Include="Tortellini.h">
      <Filter>Header Files</Filter>
    </ClInclude>
    <ClInclude Include="testSpaghetti.h">
      <Filter>tests</Filter>
    </ClInclude>
    <ClInclude Include="Lasagna.h">
      <Filter>Header Files</Filter>
    </ClInclude>
  </ItemGroup>
</Project>